
Microsoft Visual Studio Solution File, Format Version 12.00
# Visual Studio Version 17
VisualStudioVersion = 17.2.32516.85
MinimumVisualStudioVersion = 10.0.40219.1
Project("{FAE04EC0-301F-11D3-BF4B-00C04F79EFBC}") = "CSFLDraftCreator", "CSFLDraftCreator\CSFLDraftCreator.csproj", "{A6CEC425-F4B2-414F-A969-FCCCF7ECBA61}"
EndProject
Global
	GlobalSection(SolutionConfigurationPlatforms) = preSolution
		Debug|Any CPU = Debug|Any CPU
		Release|Any CPU = Release|Any CPU
	EndGlobalSection
	GlobalSection(ProjectConfigurationPlatforms) = postSolution
		{A6CEC425-F4B2-414F-A969-FCCCF7ECBA61}.Debug|Any CPU.ActiveCfg = Debug|Any CPU
		{A6CEC425-F4B2-414F-A969-FCCCF7ECBA61}.Debug|Any CPU.Build.0 = Debug|Any CPU
		{A6CEC425-F4B2-414F-A969-FCCCF7ECBA61}.Release|Any CPU.ActiveCfg = Release|Any CPU
		{A6CEC425-F4B2-414F-A969-FCCCF7ECBA61}.Release|Any CPU.Build.0 = Release|Any CPU
	EndGlobalSection
	GlobalSection(SolutionProperties) = preSolution
		HideSolutionNode = FALSE
	EndGlobalSection
	GlobalSection(ExtensibilityGlobals) = postSolution
		SolutionGuid = {6E9D0BDC-B152-436A-8FEB-52A68DAC725C}
	EndGlobalSection
EndGlobal
